
Microsoft Visual Studio Solution File, Format Version 12.00
# Visual Studio 14
VisualStudioVersion = 14.0.23107.0
MinimumVisualStudioVersion = 10.0.40219.1
Project("{FAE04EC0-301F-11D3-BF4B-00C04F79EFBC}") = "AssetMS", "AssetMS\AssetMS.csproj", "{8FAB899A-85D8-4251-87D6-5D2516A36FC6}"
EndProject
Project("{54435603-DBB4-11D2-8724-00A0C9A8B90C}") = "AssetMSSetup", "AssetMSSetup\AssetMSSetup.vdproj", "{55854CE1-7BFF-44BC-B6A5-4D6DB306A6C5}"
EndProject
Global
	GlobalSection(SolutionConfigurationPlatforms) = preSolution
		Debug|Any CPU = Debug|Any CPU
		Release|Any CPU = Release|Any CPU
	EndGlobalSection
	GlobalSection(ProjectConfigurationPlatforms) = postSolution
		{8FAB899A-85D8-4251-87D6-5D2516A36FC6}.Debug|Any CPU.ActiveCfg = Debug|Any CPU
		{8FAB899A-85D8-4251-87D6-5D2516A36FC6}.Debug|Any CPU.Build.0 = Debug|Any CPU
		{8FAB899A-85D8-4251-87D6-5D2516A36FC6}.Release|Any CPU.ActiveCfg = Release|Any CPU
		{8FAB899A-85D8-4251-87D6-5D2516A36FC6}.Release|Any CPU.Build.0 = Release|Any CPU
		{55854CE1-7BFF-44BC-B6A5-4D6DB306A6C5}.Debug|Any CPU.ActiveCfg = Debug
		{55854CE1-7BFF-44BC-B6A5-4D6DB306A6C5}.Release|Any CPU.ActiveCfg = Release
	EndGlobalSection
	GlobalSection(SolutionProperties) = preSolution
		HideSolutionNode = FALSE
	EndGlobalSection
EndGlobal
